
Microsoft Visual Studio Solution File, Format Version 12.00
Project("{2150E333-8FDC-42A3-9474-1A3956D46DE8}") = "src", "src", "{941BC6D1-3049-43CA-9027-0E2D35B2F61B}"
EndProject
Project("{FAE04EC0-301F-11D3-BF4B-00C04F79EFBC}") = "Url.Api", "src\Url.Api.csproj", "{B402B7DF-D60A-4A88-B589-3F9CCE418B15}"
EndProject
Global
	GlobalSection(SolutionConfigurationPlatforms) = preSolution
		Debug|Any CPU = Debug|Any CPU
		Release|Any CPU = Release|Any CPU
	EndGlobalSection
	GlobalSection(ProjectConfigurationPlatforms) = postSolution
		{B402B7DF-D60A-4A88-B589-3F9CCE418B15}.Debug|Any CPU.ActiveCfg = Debug|Any CPU
		{B402B7DF-D60A-4A88-B589-3F9CCE418B15}.Debug|Any CPU.Build.0 = Debug|Any CPU
		{B402B7DF-D60A-4A88-B589-3F9CCE418B15}.Release|Any CPU.ActiveCfg = Release|Any CPU
		{B402B7DF-D60A-4A88-B589-3F9CCE418B15}.Release|Any CPU.Build.0 = Release|Any CPU
	EndGlobalSection
	GlobalSection(NestedProjects) = preSolution
		{B402B7DF-D60A-4A88-B589-3F9CCE418B15} = {941BC6D1-3049-43CA-9027-0E2D35B2F61B}
	EndGlobalSection
EndGlobal
